// !$*UTF8*$!
{
	archiveVersion = 1;
	classes = {
	};
	objectVersion = 46;
	objects = {

/* Begin PBXBuildFile section */
		22957AD6030E397554311060 /* Pods_SpLifter.framework in Frameworks */ = {isa = PBXBuildFile; fileRef = DCB49AE1C7634205B7AA6568 /* Pods_SpLifter.framework */; };
		C885CCAC1CB0465C0084AAFD /* AppDelegate.swift in Sources */ = {isa = PBXBuildFile; fileRef = C885CCAB1CB0465C0084AAFD /* AppDelegate.swift */; };
		C885CCB31CB0465C0084AAFD /* Main.storyboard in Resources */ = {isa = PBXBuildFile; fileRef = C885CCB11CB0465C0084AAFD /* Main.storyboard */; };
		C885CCB51CB0465C0084AAFD /* Assets.xcassets in Resources */ = {isa = PBXBuildFile; fileRef = C885CCB41CB0465C0084AAFD /* Assets.xcassets */; };
		C885CCB81CB0465C0084AAFD /* LaunchScreen.storyboard in Resources */ = {isa = PBXBuildFile; fileRef = C885CCB61CB0465C0084AAFD /* LaunchScreen.storyboard */; };
		C8BE2FA61CB04F2A00307141 /* LandingPageViewController.swift in Sources */ = {isa = PBXBuildFile; fileRef = C8BE2FA51CB04F2A00307141 /* LandingPageViewController.swift */; };
		C8BE2FAB1CB0860100307141 /* MainViewController.swift in Sources */ = {isa = PBXBuildFile; fileRef = C8BE2FAA1CB0860100307141 /* MainViewController.swift */; };
/* End PBXBuildFile section */

/* Begin PBXFileReference section */
		ACA9E1FC1A938ACD34EE50BA /* Pods-SpLifter.debug.xcconfig */ = {isa = PBXFileReference; includeInIndex = 1; lastKnownFileType = text.xcconfig; name = "Pods-SpLifter.debug.xcconfig"; path = "Pods/Target Support Files/Pods-SpLifter/Pods-SpLifter.debug.xcconfig"; sourceTree = "<group>"; };
		C885CCA81CB0465C0084AAFD /* SpLifter.app */ = {isa = PBXFileReference; explicitFileType = wrapper.application; includeInIndex = 0; path = SpLifter.app; sourceTree = BUILT_PRODUCTS_DIR; };
		C885CCAB1CB0465C0084AAFD /* AppDelegate.swift */ = {isa = PBXFileReference; lastKnownFileType = sourcecode.swift; path = AppDelegate.swift; sourceTree = "<group>"; };
		C885CCB21CB0465C0084AAFD /* Base */ = {isa = PBXFileReference; lastKnownFileType = file.storyboard; name = Base; path = Base.lproj/Main.storyboard; sourceTree = "<group>"; };
		C885CCB41CB0465C0084AAFD /* Assets.xcassets */ = {isa = PBXFileReference; lastKnownFileType = folder.assetcatalog; path = Assets.xcassets; sourceTree = "<group>"; };
		C885CCB71CB0465C0084AAFD /* Base */ = {isa = PBXFileReference; lastKnownFileType = file.storyboard; name = Base; path = Base.lproj/LaunchScreen.storyboard; sourceTree = "<group>"; };
		C885CCB91CB0465C0084AAFD /* Info.plist */ = {isa = PBXFileReference; lastKnownFileType = text.plist.xml; path = Info.plist; sourceTree = "<group>"; };
		C8BE2FA51CB04F2A00307141 /* LandingPageViewController.swift */ = {isa = PBXFileReference; fileEncoding = 4; lastKnownFileType = sourcecode.swift; path = LandingPageViewController.swift; sourceTree = "<group>"; };
		C8BE2FA71CB075F600307141 /* BridgingHeader.h */ = {isa = PBXFileReference; lastKnownFileType = sourcecode.c.h; path = BridgingHeader.h; sourceTree = "<group>"; };
		C8BE2FAA1CB0860100307141 /* MainViewController.swift */ = {isa = PBXFileReference; fileEncoding = 4; lastKnownFileType = sourcecode.swift; path = MainViewController.swift; sourceTree = "<group>"; };
		CD9BDF3473B69A10F11FF370 /* Pods-SpLifter.release.xcconfig */ = {isa = PBXFileReference; includeInIndex = 1; lastKnownFileType = text.xcconfig; name = "Pods-SpLifter.release.xcconfig"; path = "Pods/Target Support Files/Pods-SpLifter/Pods-SpLifter.release.xcconfig"; sourceTree = "<group>"; };
		DCB49AE1C7634205B7AA6568 /* Pods_SpLifter.framework */ = {isa = PBXFileReference; explicitFileType = wrapper.framework; includeInIndex = 0; path = Pods_SpLifter.framework; sourceTree = BUILT_PRODUCTS_DIR; };
/* End PBXFileReference section */

/* Begin PBXFrameworksBuildPhase section */
		C885CCA51CB0465C0084AAFD /* Frameworks */ = {
			isa = PBXFrameworksBuildPhase;
			buildActionMask = 2147483647;
			files = (
				22957AD6030E397554311060 /* Pods_SpLifter.framework in Frameworks */,
			);
			runOnlyForDeploymentPostprocessing = 0;
		};
/* End PBXFrameworksBuildPhase section */

/* Begin PBXGroup section */
		09606F642EC42774DA18AC9B /* Pods */ = {
			isa = PBXGroup;
			children = (
				ACA9E1FC1A938ACD34EE50BA /* Pods-SpLifter.debug.xcconfig */,
				CD9BDF3473B69A10F11FF370 /* Pods-SpLifter.release.xcconfig */,
			);
			name = Pods;
			sourceTree = "<group>";
		};
		9ADCF025C95B754BB6F31DCF /* Frameworks */ = {
			isa = PBXGroup;
			children = (
				DCB49AE1C7634205B7AA6568 /* Pods_SpLifter.framework */,
			);
			name = Frameworks;
			sourceTree = "<group>";
		};
		C885CC9F1CB0465B0084AAFD = {
			isa = PBXGroup;
			children = (
				C885CCAA1CB0465C0084AAFD /* SpLifter */,
				C885CCA91CB0465C0084AAFD /* Products */,
				09606F642EC42774DA18AC9B /* Pods */,
				9ADCF025C95B754BB6F31DCF /* Frameworks */,
			);
			sourceTree = "<group>";
		};
		C885CCA91CB0465C0084AAFD /* Products */ = {
			isa = PBXGroup;
			children = (
				C885CCA81CB0465C0084AAFD /* SpLifter.app */,
			);
			name = Products;
			sourceTree = "<group>";
		};
		C885CCAA1CB0465C0084AAFD /* SpLifter */ = {
			isa = PBXGroup;
			children = (
				C885CCAB1CB0465C0084AAFD /* AppDelegate.swift */,
				C8BE2FA51CB04F2A00307141 /* LandingPageViewController.swift */,
				C8BE2FAA1CB0860100307141 /* MainViewController.swift */,
				C885CCB11CB0465C0084AAFD /* Main.storyboard */,
				C885CCB41CB0465C0084AAFD /* Assets.xcassets */,
				C885CCB61CB0465C0084AAFD /* LaunchScreen.storyboard */,
				C885CCB91CB0465C0084AAFD /* Info.plist */,
				C8BE2FA71CB075F600307141 /* BridgingHeader.h */,
			);
			path = SpLifter;
			sourceTree = "<group>";
		};
/* End PBXGroup section */

/* Begin PBXNativeTarget section */
		C885CCA71CB0465C0084AAFD /* SpLifter */ = {
			isa = PBXNativeTarget;
			buildConfigurationList = C885CCBC1CB0465C0084AAFD /* Build configuration list for PBXNativeTarget "SpLifter" */;
			buildPhases = (
				87826BD35316E05507D8B12E /* Check Pods Manifest.lock */,
				C885CCA41CB0465C0084AAFD /* Sources */,
				C885CCA51CB0465C0084AAFD /* Frameworks */,
				C885CCA61CB0465C0084AAFD /* Resources */,
				9B5F7CF253BCB4F4E5C9AE7C /* Embed Pods Frameworks */,
				DABEA458A2D59AD1DBE5A0A6 /* Copy Pods Resources */,
			);
			buildRules = (
			);
			dependencies = (
			);
			name = SpLifter;
			productName = SpLifter;
			productReference = C885CCA81CB0465C0084AAFD /* SpLifter.app */;
			productType = "com.apple.product-type.application";
		};
/* End PBXNativeTarget section */

/* Begin PBXProject section */
		C885CCA01CB0465C0084AAFD /* Project object */ = {
			isa = PBXProject;
			attributes = {
				LastSwiftUpdateCheck = 0730;
				LastUpgradeCheck = 0730;
				ORGANIZATIONNAME = "Wilson Ding";
				TargetAttributes = {
					C885CCA71CB0465C0084AAFD = {
						CreatedOnToolsVersion = 7.3;
						DevelopmentTeam = 585SNYAD83;
					};
				};
			};
			buildConfigurationList = C885CCA31CB0465C0084AAFD /* Build configuration list for PBXProject "SpLifter" */;
			compatibilityVersion = "Xcode 3.2";
			developmentRegion = English;
			hasScannedForEncodings = 0;
			knownRegions = (
				en,
				Base,
			);
			mainGroup = C885CC9F1CB0465B0084AAFD;
			productRefGroup = C885CCA91CB0465C0084AAFD /* Products */;
			projectDirPath = "";
			projectRoot = "";
			targets = (
				C885CCA71CB0465C0084AAFD /* SpLifter */,
			);
		};
/* End PBXProject section */

/* Begin PBXResourcesBuildPhase section */
		C885CCA61CB0465C0084AAFD /* Resources */ = {
			isa = PBXResourcesBuildPhase;
			buildActionMask = 2147483647;
			files = (
				C885CCB81CB0465C0084AAFD /* LaunchScreen.storyboard in Resources */,
				C885CCB51CB0465C0084AAFD /* Assets.xcassets in Resources */,
				C885CCB31CB0465C0084AAFD /* Main.storyboard in Resources */,
			);
			runOnlyForDeploymentPostprocessing = 0;
		};
/* End PBXResourcesBuildPhase section */

/* Begin PBXShellScriptBuildPhase section */
		87826BD35316E05507D8B12E /* Check Pods Manifest.lock */ = {
			isa = PBXShellScriptBuildPhase;
			buildActionMask = 2147483647;
			files = (
			);
			inputPaths = (
			);
			name = "Check Pods Manifest.lock";
			outputPaths = (
			);
			runOnlyForDeploymentPostprocessing = 0;
			shellPath = /bin/sh;
			shellScript = "diff \"${PODS_ROOT}/../Podfile.lock\" \"${PODS_ROOT}/Manifest.lock\" > /dev/null\nif [[ $? != 0 ]] ; then\n    cat << EOM\nerror: The sandbox is not in sync with the Podfile.lock. Run 'pod install' or update your CocoaPods installation.\nEOM\n    exit 1\nfi\n";
			showEnvVarsInLog = 0;
		};
		9B5F7CF253BCB4F4E5C9AE7C /* Embed Pods Frameworks */ = {
			isa = PBXShellScriptBuildPhase;
			buildActionMask = 2147483647;
			files = (
			);
			inputPaths = (
			);
			name = "Embed Pods Frameworks";
			outputPaths = (
			);
			runOnlyForDeploymentPostprocessing = 0;
			shellPath = /bin/sh;
			shellScript = "\"${SRCROOT}/Pods/Target Support Files/Pods-SpLifter/Pods-SpLifter-frameworks.sh\"\n";
			showEnvVarsInLog = 0;
		};
		DABEA458A2D59AD1DBE5A0A6 /* Copy Pods Resources */ = {
			isa = PBXShellScriptBuildPhase;
			buildActionMask = 2147483647;
			files = (
			);
			inputPaths = (
			);
			name = "Copy Pods Resources";
			outputPaths = (
			);
			runOnlyForDeploymentPostprocessing = 0;
			shellPath = /bin/sh;
			shellScript = "\"${SRCROOT}/Pods/Target Support Files/Pods-SpLifter/Pods-SpLifter-resources.sh\"\n";
			showEnvVarsInLog = 0;
		};
/* End PBXShellScriptBuildPhase section */

/* Begin PBXSourcesBuildPhase section */
		C885CCA41CB0465C0084AAFD /* Sources */ = {
			isa = PBXSourcesBuildPhase;
			buildActionMask = 2147483647;
			files = (
				C8BE2FAB1CB0860100307141 /* MainViewController.swift in Sources */,
				C885CCAC1CB0465C0084AAFD /* AppDelegate.swift in Sources */,
				C8BE2FA61CB04F2A00307141 /* LandingPageViewController.swift in Sources */,
			);
			runOnlyForDeploymentPostprocessing = 0;
		};
/* End PBXSourcesBuildPhase section */

/* Begin PBXVariantGroup section */
		C885CCB11CB0465C0084AAFD /* Main.storyboard */ = {
			isa = PBXVariantGroup;
			children = (
				C885CCB21CB0465C0084AAFD /* Base */,
			);
			name = Main.storyboard;
			sourceTree = "<group>";
		};
		C885CCB61CB0465C0084AAFD /* LaunchScreen.storyboard */ = {
			isa = PBXVariantGroup;
			children = (
				C885CCB71CB0465C0084AAFD /* Base */,
			);
			name = LaunchScreen.storyboard;
			sourceTree = "<group>";
		};
/* End PBXVariantGroup section */

/* Begin XCBuildConfiguration section */
		C885CCBA1CB0465C0084AAFD /* Debug */ = {
			isa = XCBuildConfiguration;
			buildSettings = {
				ALWAYS_SEARCH_USER_PATHS = NO;
				CLANG_ANALYZER_NONNULL = YES;
				CLANG_CXX_LANGUAGE_STANDARD = "gnu++0x";
				CLANG_CXX_LIBRARY = "libc++";
				CLANG_ENABLE_MODULES = YES;
				CLANG_ENABLE_OBJC_ARC = YES;
				CLANG_WARN_BOOL_CONVERSION = YES;
				CLANG_WARN_CONSTANT_CONVERSION = YES;
				CLANG_WARN_DIRECT_OBJC_ISA_USAGE = YES_ERROR;
				CLANG_WARN_EMPTY_BODY = YES;
				CLANG_WARN_ENUM_CONVERSION = YES;
				CLANG_WARN_INT_CONVERSION = YES;
				CLANG_WARN_OBJC_ROOT_CLASS = YES_ERROR;
				CLANG_WARN_UNREACHABLE_CODE = YES;
				CLANG_WARN__DUPLICATE_METHOD_MATCH = YES;
				"CODE_SIGN_IDENTITY[sdk=iphoneos*]" = "iPhone Developer";
				COPY_PHASE_STRIP = NO;
				DEBUG_INFORMATION_FORMAT = dwarf;
				ENABLE_STRICT_OBJC_MSGSEND = YES;
				ENABLE_TESTABILITY = YES;
				GCC_C_LANGUAGE_STANDARD = gnu99;
				GCC_DYNAMIC_NO_PIC = NO;
				GCC_NO_COMMON_BLOCKS = YES;
				GCC_OPTIMIZATION_LEVEL = 0;
				GCC_PREPROCESSOR_DEFINITIONS = (
					"DEBUG=1",
					"$(inherited)",
				);
				GCC_WARN_64_TO_32_BIT_CONVERSION = YES;
				GCC_WARN_ABOUT_RETURN_TYPE = YES_ERROR;
				GCC_WARN_UNDECLARED_SELECTOR = YES;
				GCC_WARN_UNINITIALIZED_AUTOS = YES_AGGRESSIVE;
				GCC_WARN_UNUSED_FUNCTION = YES;
				GCC_WARN_UNUSED_VARIABLE = YES;
				IPHONEOS_DEPLOYMENT_TARGET = 9.3;
				MTL_ENABLE_DEBUG_INFO = YES;
				ONLY_ACTIVE_ARCH = YES;
				SDKROOT = iphoneos;
				SWIFT_OPTIMIZATION_LEVEL = "-Onone";
			};
			name = Debug;
		};
		C885CCBB1CB0465C0084AAFD /* Release */ = {
			isa = XCBuildConfiguration;
			buildSettings = {
				ALWAYS_SEARCH_USER_PATHS = NO;
				CLANG_ANALYZER_NONNULL = YES;
				CLANG_CXX_LANGUAGE_STANDARD = "gnu++0x";
				CLANG_CXX_LIBRARY = "libc++";
				CLANG_ENABLE_MODULES = YES;
				CLANG_ENABLE_OBJC_ARC = YES;
				CLANG_WARN_BOOL_CONVERSION = YES;
				CLANG_WARN_CONSTANT_CONVERSION = YES;
				CLANG_WARN_DIRECT_OBJC_ISA_USAGE = YES_ERROR;
				CLANG_WARN_EMPTY_BODY = YES;
				CLANG_WARN_ENUM_CONVERSION = YES;
				CLANG_WARN_INT_CONVERSION = YES;
				CLANG_WARN_OBJC_ROOT_CLASS = YES_ERROR;
				CLANG_WARN_UNREACHABLE_CODE = YES;
				CLANG_WARN__DUPLICATE_METHOD_MATCH = YES;
				"CODE_SIGN_IDENTITY[sdk=iphoneos*]" = "iPhone Developer";
				COPY_PHASE_STRIP = NO;
				DEBUG_INFORMATION_FORMAT = "dwarf-with-dsym";
				ENABLE_NS_ASSERTIONS = NO;
				ENABLE_STRICT_OBJC_MSGSEND = YES;
				GCC_C_LANGUAGE_STANDARD = gnu99;
				GCC_NO_COMMON_BLOCKS = YES;
				GCC_WARN_64_TO_32_BIT_CONVERSION = YES;
				GCC_WARN_ABOUT_RETURN_TYPE = YES_ERROR;
				GCC_WARN_UNDECLARED_SELECTOR = YES;
				GCC_WARN_UNINITIALIZED_AUTOS = YES_AGGRESSIVE;
				GCC_WARN_UNUSED_FUNCTION = YES;
				GCC_WARN_UNUSED_VARIABLE = YES;
				IPHONEOS_DEPLOYMENT_TARGET = 9.3;
				MTL_ENABLE_DEBUG_INFO = NO;
				SDKROOT = iphoneos;
				VALIDATE_PRODUCT = YES;
			};
			name = Release;
		};
		C885CCBD1CB0465C0084AAFD /* Debug */ = {
			isa = XCBuildConfiguration;
			baseConfigurationReference = ACA9E1FC1A938ACD34EE50BA /* Pods-SpLifter.debug.xcconfig */;
			buildSettings = {
				ASSETCATALOG_COMPILER_APPICON_NAME = AppIcon;
				INFOPLIST_FILE = SpLifter/Info.plist;
				LD_RUNPATH_SEARCH_PATHS = "$(inherited) @executable_path/Frameworks";
				PRODUCT_BUNDLE_IDENTIFIER = com.wilsonding.SpLifter;
				PRODUCT_NAME = "$(TARGET_NAME)";
				SWIFT_OBJC_BRIDGING_HEADER = SpLifter/BridgingHeader.h;
			};
			name = Debug;
		};
		C885CCBE1CB0465C0084AAFD /* Release */ = {
			isa = XCBuildConfiguration;
			baseConfigurationReference = CD9BDF3473B69A10F11FF370 /* Pods-SpLifter.release.xcconfig */;
			buildSettings = {
				ASSETCATALOG_COMPILER_APPICON_NAME = AppIcon;
				INFOPLIST_FILE = SpLifter/Info.plist;
				LD_RUNPATH_SEARCH_PATHS = "$(inherited) @executable_path/Frameworks";
				PRODUCT_BUNDLE_IDENTIFIER = com.wilsonding.SpLifter;
				PRODUCT_NAME = "$(TARGET_NAME)";
				SWIFT_OBJC_BRIDGING_HEADER = SpLifter/BridgingHeader.h;
			};
			name = Release;
		};
/* End XCBuildConfiguration section */

/* Begin XCConfigurationList section */
		C885CCA31CB0465C0084AAFD /* Build configuration list for PBXProject "SpLifter" */ = {
			isa = XCConfigurationList;
			buildConfigurations = (
				C885CCBA1CB0465C0084AAFD /* Debug */,
				C885CCBB1CB0465C0084AAFD /* Release */,
			);
			defaultConfigurationIsVisible = 0;
			defaultConfigurationName = Release;
		};
		C885CCBC1CB0465C0084AAFD /* Build configuration list for PBXNativeTarget "SpLifter" */ = {
			isa = XCConfigurationList;
			buildConfigurations = (
				C885CCBD1CB0465C0084AAFD /* Debug */,
				C885CCBE1CB0465C0084AAFD /* Release */,
			);
			defaultConfigurationIsVisible = 0;
			defaultConfigurationName = Release;
		};
/* End XCConfigurationList section */
	};
	rootObject = C885CCA01CB0465C0084AAFD /* Project object */;
}
